
Microsoft Visual Studio Solution File, Format Version 12.00
# Visual Studio 15
VisualStudioVersion = 15.0.28010.2026
MinimumVisualStudioVersion = 10.0.40219.1
Project("{FAE04EC0-301F-11D3-BF4B-00C04F79EFBC}") = "CodeWarsKata.cs", "ConsoleApp12\CodeWarsKata.cs.csproj", "{12BF8D9C-AC71-4E42-8002-58E4A57C1144}"
EndProject
Project("{FAE04EC0-301F-11D3-BF4B-00C04F79EFBC}") = "CodeWarsKataTests.cs", "XUnitTestProject1\CodeWarsKataTests.cs.csproj", "{413C3F16-AEDB-46D8-9FAF-F3FD4E2CBC91}"
EndProject
Global
	GlobalSection(SolutionConfigurationPlatforms) = preSolution
		Debug|Any CPU = Debug|Any CPU
		Release|Any CPU = Release|Any CPU
	EndGlobalSection
	GlobalSection(ProjectConfigurationPlatforms) = postSolution
		{12BF8D9C-AC71-4E42-8002-58E4A57C1144}.Debug|Any CPU.ActiveCfg = Debug|Any CPU
		{12BF8D9C-AC71-4E42-8002-58E4A57C1144}.Debug|Any CPU.Build.0 = Debug|Any CPU
		{12BF8D9C-AC71-4E42-8002-58E4A57C1144}.Release|Any CPU.ActiveCfg = Release|Any CPU
		{12BF8D9C-AC71-4E42-8002-58E4A57C1144}.Release|Any CPU.Build.0 = Release|Any CPU
		{413C3F16-AEDB-46D8-9FAF-F3FD4E2CBC91}.Debug|Any CPU.ActiveCfg = Debug|Any CPU
		{413C3F16-AEDB-46D8-9FAF-F3FD4E2CBC91}.Debug|Any CPU.Build.0 = Debug|Any CPU
		{413C3F16-AEDB-46D8-9FAF-F3FD4E2CBC91}.Release|Any CPU.ActiveCfg = Release|Any CPU
		{413C3F16-AEDB-46D8-9FAF-F3FD4E2CBC91}.Release|Any CPU.Build.0 = Release|Any CPU
	EndGlobalSection
	GlobalSection(SolutionProperties) = preSolution
		HideSolutionNode = FALSE
	EndGlobalSection
	GlobalSection(ExtensibilityGlobals) = postSolution
		SolutionGuid = {557F1F67-F350-4B05-B20F-743EEC1479C9}
	EndGlobalSection
EndGlobal
